
Microsoft Visual Studio Solution File, Format Version 12.00
# Visual Studio Version 17
VisualStudioVersion = 17.1.32210.238
MinimumVisualStudioVersion = 10.0.40219.1
Project("{9A19103F-16F7-4668-BE54-9A1E7A4F7556}") = "Auth.API", "Auth\Auth.API\Auth.API.csproj", "{1A9268B7-966A-4C48-BF1F-A520B21E416F}"
EndProject
Project("{2150E333-8FDC-42A3-9474-1A3956D46DE8}") = "Auth", "Auth", "{FDA88487-AB28-445D-A67B-B0B7C0DE556F}"
EndProject
Project("{9A19103F-16F7-4668-BE54-9A1E7A4F7556}") = "Auth.Domain", "Auth\Auth.Domain\Auth.Domain.csproj", "{D733BF69-4712-489B-911C-6FF0D281E16A}"
EndProject
Project("{9A19103F-16F7-4668-BE54-9A1E7A4F7556}") = "Auth.Repo", "Auth\Auth.Repo\Auth.Repo.csproj", "{FA3963E6-FA1B-48DC-99DD-F5AC0582F448}"
EndProject
Project("{2150E333-8FDC-42A3-9474-1A3956D46DE8}") = "Carnets", "Carnets", "{89D4072C-47D3-4474-93FC-53C88A5CCEB6}"
EndProject
Project("{9A19103F-16F7-4668-BE54-9A1E7A4F7556}") = "Carnets.API", "Carnets\Carnets.API\Carnets.API.csproj", "{268918B7-1D58-4E6D-A4AE-693F9425BDEA}"
EndProject
Project("{9A19103F-16F7-4668-BE54-9A1E7A4F7556}") = "Carnets.Domain", "Carnets\Carnets.Domain\Carnets.Domain.csproj", "{BE7BFC85-0C07-44E0-B83E-FCE1D5124E8D}"
EndProject
Project("{9A19103F-16F7-4668-BE54-9A1E7A4F7556}") = "Carnets.Repo", "Carnets\Carnets.Repo\Carnets.Repo.csproj", "{3B39D041-8B6C-4798-9E72-D95636FD76AC}"
EndProject
Project("{2150E333-8FDC-42A3-9474-1A3956D46DE8}") = "ApiGateway", "ApiGateway", "{897C9A40-E6C9-4F55-AD38-4EB8000156B9}"
EndProject
Project("{9A19103F-16F7-4668-BE54-9A1E7A4F7556}") = "ApiGateway.API", "ApiGateway\ApiGateway.API\ApiGateway.API.csproj", "{948DEBCF-5A02-41BC-A3E0-784BBFF19DB0}"
EndProject
Project("{2150E333-8FDC-42A3-9474-1A3956D46DE8}") = "FitnessClubs", "FitnessClubs", "{042DE66E-F1A2-462E-AFC7-A4A4E754F726}"
EndProject
Project("{9A19103F-16F7-4668-BE54-9A1E7A4F7556}") = "FitnessClubs.API", "FitnessClubs\FitnessClubs.API\FitnessClubs.API.csproj", "{D6C9BF20-AA3E-4B97-85BC-055F17D8C3F0}"
EndProject
Project("{9A19103F-16F7-4668-BE54-9A1E7A4F7556}") = "FitnessClubs.Domain", "FitnessClubs\FitnessClubs.Domain\FitnessClubs.Domain.csproj", "{1944A1B2-DA2C-4CC4-BD2B-EEC2CB796F14}"
EndProject
Project("{9A19103F-16F7-4668-BE54-9A1E7A4F7556}") = "FitnessClubs.Repo", "FitnessClubs\FitnessClubs.Repo\FitnessClubs.Repo.csproj", "{8BCDACBF-2620-4E13-BD20-BDDBBF44A6D4}"
EndProject
Project("{2150E333-8FDC-42A3-9474-1A3956D46DE8}") = "Common", "Common", "{8175CB57-8763-48CE-A151-A5393927CDAB}"
EndProject
Project("{9A19103F-16F7-4668-BE54-9A1E7A4F7556}") = "Common", "Common\Common\Common.csproj", "{EA89D849-ABF4-4A64-8C89-5F77A3AE3F32}"
EndProject
Project("{9A19103F-16F7-4668-BE54-9A1E7A4F7556}") = "FitnessClubs.Application", "FitnessClubs\FitnessClubs.Application\FitnessClubs.Application.csproj", "{9926AB27-5F0D-42D6-A308-F939CC35D9D6}"
EndProject
Project("{FAE04EC0-301F-11D3-BF4B-00C04F79EFBC}") = "Auth.Application", "Auth\Auth.Application\Auth.Application.csproj", "{048970F3-C596-44DB-A71A-DD799C8E9FB9}"
EndProject
Global
	GlobalSection(SolutionConfigurationPlatforms) = preSolution
		Debug|Any CPU = Debug|Any CPU
		Release|Any CPU = Release|Any CPU
	EndGlobalSection
	GlobalSection(ProjectConfigurationPlatforms) = postSolution
		{1A9268B7-966A-4C48-BF1F-A520B21E416F}.Debug|Any CPU.ActiveCfg = Debug|Any CPU
		{1A9268B7-966A-4C48-BF1F-A520B21E416F}.Debug|Any CPU.Build.0 = Debug|Any CPU
		{1A9268B7-966A-4C48-BF1F-A520B21E416F}.Release|Any CPU.ActiveCfg = Release|Any CPU
		{1A9268B7-966A-4C48-BF1F-A520B21E416F}.Release|Any CPU.Build.0 = Release|Any CPU
		{D733BF69-4712-489B-911C-6FF0D281E16A}.Debug|Any CPU.ActiveCfg = Debug|Any CPU
		{D733BF69-4712-489B-911C-6FF0D281E16A}.Debug|Any CPU.Build.0 = Debug|Any CPU
		{D733BF69-4712-489B-911C-6FF0D281E16A}.Release|Any CPU.ActiveCfg = Release|Any CPU
		{D733BF69-4712-489B-911C-6FF0D281E16A}.Release|Any CPU.Build.0 = Release|Any CPU
		{FA3963E6-FA1B-48DC-99DD-F5AC0582F448}.Debug|Any CPU.ActiveCfg = Debug|Any CPU
		{FA3963E6-FA1B-48DC-99DD-F5AC0582F448}.Debug|Any CPU.Build.0 = Debug|Any CPU
		{FA3963E6-FA1B-48DC-99DD-F5AC0582F448}.Release|Any CPU.ActiveCfg = Release|Any CPU
		{FA3963E6-FA1B-48DC-99DD-F5AC0582F448}.Release|Any CPU.Build.0 = Release|Any CPU
		{268918B7-1D58-4E6D-A4AE-693F9425BDEA}.Debug|Any CPU.ActiveCfg = Debug|Any CPU
		{268918B7-1D58-4E6D-A4AE-693F9425BDEA}.Debug|Any CPU.Build.0 = Debug|Any CPU
		{268918B7-1D58-4E6D-A4AE-693F9425BDEA}.Release|Any CPU.ActiveCfg = Release|Any CPU
		{268918B7-1D58-4E6D-A4AE-693F9425BDEA}.Release|Any CPU.Build.0 = Release|Any CPU
		{BE7BFC85-0C07-44E0-B83E-FCE1D5124E8D}.Debug|Any CPU.ActiveCfg = Debug|Any CPU
		{BE7BFC85-0C07-44E0-B83E-FCE1D5124E8D}.Debug|Any CPU.Build.0 = Debug|Any CPU
		{BE7BFC85-0C07-44E0-B83E-FCE1D5124E8D}.Release|Any CPU.ActiveCfg = Release|Any CPU
		{BE7BFC85-0C07-44E0-B83E-FCE1D5124E8D}.Release|Any CPU.Build.0 = Release|Any CPU
		{3B39D041-8B6C-4798-9E72-D95636FD76AC}.Debug|Any CPU.ActiveCfg = Debug|Any CPU
		{3B39D041-8B6C-4798-9E72-D95636FD76AC}.Debug|Any CPU.Build.0 = Debug|Any CPU
		{3B39D041-8B6C-4798-9E72-D95636FD76AC}.Release|Any CPU.ActiveCfg = Release|Any CPU
		{3B39D041-8B6C-4798-9E72-D95636FD76AC}.Release|Any CPU.Build.0 = Release|Any CPU
		{948DEBCF-5A02-41BC-A3E0-784BBFF19DB0}.Debug|Any CPU.ActiveCfg = Debug|Any CPU
		{948DEBCF-5A02-41BC-A3E0-784BBFF19DB0}.Debug|Any CPU.Build.0 = Debug|Any CPU
		{948DEBCF-5A02-41BC-A3E0-784BBFF19DB0}.Release|Any CPU.ActiveCfg = Release|Any CPU
		{948DEBCF-5A02-41BC-A3E0-784BBFF19DB0}.Release|Any CPU.Build.0 = Release|Any CPU
		{D6C9BF20-AA3E-4B97-85BC-055F17D8C3F0}.Debug|Any CPU.ActiveCfg = Debug|Any CPU
		{D6C9BF20-AA3E-4B97-85BC-055F17D8C3F0}.Debug|Any CPU.Build.0 = Debug|Any CPU
		{D6C9BF20-AA3E-4B97-85BC-055F17D8C3F0}.Release|Any CPU.ActiveCfg = Release|Any CPU
		{D6C9BF20-AA3E-4B97-85BC-055F17D8C3F0}.Release|Any CPU.Build.0 = Release|Any CPU
		{1944A1B2-DA2C-4CC4-BD2B-EEC2CB796F14}.Debug|Any CPU.ActiveCfg = Debug|Any CPU
		{1944A1B2-DA2C-4CC4-BD2B-EEC2CB796F14}.Debug|Any CPU.Build.0 = Debug|Any CPU
		{1944A1B2-DA2C-4CC4-BD2B-EEC2CB796F14}.Release|Any CPU.ActiveCfg = Release|Any CPU
		{1944A1B2-DA2C-4CC4-BD2B-EEC2CB796F14}.Release|Any CPU.Build.0 = Release|Any CPU
		{8BCDACBF-2620-4E13-BD20-BDDBBF44A6D4}.Debug|Any CPU.ActiveCfg = Debug|Any CPU
		{8BCDACBF-2620-4E13-BD20-BDDBBF44A6D4}.Debug|Any CPU.Build.0 = Debug|Any CPU
		{8BCDACBF-2620-4E13-BD20-BDDBBF44A6D4}.Release|Any CPU.ActiveCfg = Release|Any CPU
		{8BCDACBF-2620-4E13-BD20-BDDBBF44A6D4}.Release|Any CPU.Build.0 = Release|Any CPU
		{EA89D849-ABF4-4A64-8C89-5F77A3AE3F32}.Debug|Any CPU.ActiveCfg = Debug|Any CPU
		{EA89D849-ABF4-4A64-8C89-5F77A3AE3F32}.Debug|Any CPU.Build.0 = Debug|Any CPU
		{EA89D849-ABF4-4A64-8C89-5F77A3AE3F32}.Release|Any CPU.ActiveCfg = Release|Any CPU
		{EA89D849-ABF4-4A64-8C89-5F77A3AE3F32}.Release|Any CPU.Build.0 = Release|Any CPU
		{9926AB27-5F0D-42D6-A308-F939CC35D9D6}.Debug|Any CPU.ActiveCfg = Debug|Any CPU
		{9926AB27-5F0D-42D6-A308-F939CC35D9D6}.Debug|Any CPU.Build.0 = Debug|Any CPU
		{9926AB27-5F0D-42D6-A308-F939CC35D9D6}.Release|Any CPU.ActiveCfg = Release|Any CPU
		{9926AB27-5F0D-42D6-A308-F939CC35D9D6}.Release|Any CPU.Build.0 = Release|Any CPU
		{048970F3-C596-44DB-A71A-DD799C8E9FB9}.Debug|Any CPU.ActiveCfg = Debug|Any CPU
		{048970F3-C596-44DB-A71A-DD799C8E9FB9}.Debug|Any CPU.Build.0 = Debug|Any CPU
		{048970F3-C596-44DB-A71A-DD799C8E9FB9}.Release|Any CPU.ActiveCfg = Release|Any CPU
		{048970F3-C596-44DB-A71A-DD799C8E9FB9}.Release|Any CPU.Build.0 = Release|Any CPU
	EndGlobalSection
	GlobalSection(SolutionProperties) = preSolution
		HideSolutionNode = FALSE
	EndGlobalSection
	GlobalSection(NestedProjects) = preSolution
		{1A9268B7-966A-4C48-BF1F-A520B21E416F} = {FDA88487-AB28-445D-A67B-B0B7C0DE556F}
		{D733BF69-4712-489B-911C-6FF0D281E16A} = {FDA88487-AB28-445D-A67B-B0B7C0DE556F}
		{FA3963E6-FA1B-48DC-99DD-F5AC0582F448} = {FDA88487-AB28-445D-A67B-B0B7C0DE556F}
		{268918B7-1D58-4E6D-A4AE-693F9425BDEA} = {89D4072C-47D3-4474-93FC-53C88A5CCEB6}
		{BE7BFC85-0C07-44E0-B83E-FCE1D5124E8D} = {89D4072C-47D3-4474-93FC-53C88A5CCEB6}
		{3B39D041-8B6C-4798-9E72-D95636FD76AC} = {89D4072C-47D3-4474-93FC-53C88A5CCEB6}
		{948DEBCF-5A02-41BC-A3E0-784BBFF19DB0} = {897C9A40-E6C9-4F55-AD38-4EB8000156B9}
		{D6C9BF20-AA3E-4B97-85BC-055F17D8C3F0} = {042DE66E-F1A2-462E-AFC7-A4A4E754F726}
		{1944A1B2-DA2C-4CC4-BD2B-EEC2CB796F14} = {042DE66E-F1A2-462E-AFC7-A4A4E754F726}
		{8BCDACBF-2620-4E13-BD20-BDDBBF44A6D4} = {042DE66E-F1A2-462E-AFC7-A4A4E754F726}
		{EA89D849-ABF4-4A64-8C89-5F77A3AE3F32} = {8175CB57-8763-48CE-A151-A5393927CDAB}
		{9926AB27-5F0D-42D6-A308-F939CC35D9D6} = {042DE66E-F1A2-462E-AFC7-A4A4E754F726}
		{048970F3-C596-44DB-A71A-DD799C8E9FB9} = {FDA88487-AB28-445D-A67B-B0B7C0DE556F}
	EndGlobalSection
	GlobalSection(ExtensibilityGlobals) = postSolution
		SolutionGuid = {398E0023-B10D-45E3-945A-C471D1217562}
	EndGlobalSection
EndGlobal
